
Microsoft Visual Studio Solution File, Format Version 12.00
# Visual Studio Version 16
VisualStudioVersion = 16.0.29709.97
MinimumVisualStudioVersion = 10.0.40219.1
Project("{9A19103F-16F7-4668-BE54-9A1E7A4F7556}") = "heyscot-blazor", "heyscot-blazor\heyscot-blazor.csproj", "{8C2C1E77-3BE1-4175-B89B-C2428A168EA0}"
EndProject
Project("{FAE04EC0-301F-11D3-BF4B-00C04F79EFBC}") = "Heyscot-DataAccess", "Heyscot-DataAccess\Heyscot-DataAccess.csproj", "{7D5EA1C2-ACAE-485C-AEDD-40B79DA4FFBA}"
EndProject
Project("{FAE04EC0-301F-11D3-BF4B-00C04F79EFBC}") = "Heyscot-Console", "Heyscot-Console\Heyscot-Console.csproj", "{63D3A58E-9720-46FB-827D-ACF4BA14CCA0}"
EndProject
Global
	GlobalSection(SolutionConfigurationPlatforms) = preSolution
		Debug|Any CPU = Debug|Any CPU
		Release|Any CPU = Release|Any CPU
	EndGlobalSection
	GlobalSection(ProjectConfigurationPlatforms) = postSolution
		{8C2C1E77-3BE1-4175-B89B-C2428A168EA0}.Debug|Any CPU.ActiveCfg = Debug|Any CPU
		{8C2C1E77-3BE1-4175-B89B-C2428A168EA0}.Debug|Any CPU.Build.0 = Debug|Any CPU
		{8C2C1E77-3BE1-4175-B89B-C2428A168EA0}.Release|Any CPU.ActiveCfg = Release|Any CPU
		{8C2C1E77-3BE1-4175-B89B-C2428A168EA0}.Release|Any CPU.Build.0 = Release|Any CPU
		{7D5EA1C2-ACAE-485C-AEDD-40B79DA4FFBA}.Debug|Any CPU.ActiveCfg = Debug|Any CPU
		{7D5EA1C2-ACAE-485C-AEDD-40B79DA4FFBA}.Debug|Any CPU.Build.0 = Debug|Any CPU
		{7D5EA1C2-ACAE-485C-AEDD-40B79DA4FFBA}.Release|Any CPU.ActiveCfg = Release|Any CPU
		{7D5EA1C2-ACAE-485C-AEDD-40B79DA4FFBA}.Release|Any CPU.Build.0 = Release|Any CPU
		{63D3A58E-9720-46FB-827D-ACF4BA14CCA0}.Debug|Any CPU.ActiveCfg = Debug|Any CPU
		{63D3A58E-9720-46FB-827D-ACF4BA14CCA0}.Debug|Any CPU.Build.0 = Debug|Any CPU
		{63D3A58E-9720-46FB-827D-ACF4BA14CCA0}.Release|Any CPU.ActiveCfg = Release|Any CPU
		{63D3A58E-9720-46FB-827D-ACF4BA14CCA0}.Release|Any CPU.Build.0 = Release|Any CPU
	EndGlobalSection
	GlobalSection(SolutionProperties) = preSolution
		HideSolutionNode = FALSE
	EndGlobalSection
	GlobalSection(ExtensibilityGlobals) = postSolution
		SolutionGuid = {07D40F51-9054-4527-AA03-F9F7829F0B9F}
	EndGlobalSection
EndGlobal
